
Microsoft Visual Studio Solution File, Format Version 12.00
# Visual Studio Version 17
VisualStudioVersion = 17.13.35825.156 d17.13
MinimumVisualStudioVersion = 10.0.40219.1
Project("{FAE04EC0-301F-11D3-BF4B-00C04F79EFBC}") = "HangfireServer", "HangfireServer\HangfireServer.csproj", "{996D8BE5-721C-4EBB-BED8-9CB805CF7845}"
EndProject
Project("{FAE04EC0-301F-11D3-BF4B-00C04F79EFBC}") = "DemoApi", "DemoApi\DemoApi.csproj", "{12AE5932-31D6-4AE4-B8CF-B05C273452AE}"
EndProject
Project("{FAE04EC0-301F-11D3-BF4B-00C04F79EFBC}") = "Shared", "Shared\Shared.csproj", "{B75B3D52-C36B-4D81-A6BC-C221899AFD41}"
EndProject
Global
	GlobalSection(SolutionConfigurationPlatforms) = preSolution
		Debug|Any CPU = Debug|Any CPU
		Release|Any CPU = Release|Any CPU
	EndGlobalSection
	GlobalSection(ProjectConfigurationPlatforms) = postSolution
		{996D8BE5-721C-4EBB-BED8-9CB805CF7845}.Debug|Any CPU.ActiveCfg = Debug|Any CPU
		{996D8BE5-721C-4EBB-BED8-9CB805CF7845}.Debug|Any CPU.Build.0 = Debug|Any CPU
		{996D8BE5-721C-4EBB-BED8-9CB805CF7845}.Release|Any CPU.ActiveCfg = Release|Any CPU
		{996D8BE5-721C-4EBB-BED8-9CB805CF7845}.Release|Any CPU.Build.0 = Release|Any CPU
		{12AE5932-31D6-4AE4-B8CF-B05C273452AE}.Debug|Any CPU.ActiveCfg = Debug|Any CPU
		{12AE5932-31D6-4AE4-B8CF-B05C273452AE}.Debug|Any CPU.Build.0 = Debug|Any CPU
		{12AE5932-31D6-4AE4-B8CF-B05C273452AE}.Release|Any CPU.ActiveCfg = Release|Any CPU
		{12AE5932-31D6-4AE4-B8CF-B05C273452AE}.Release|Any CPU.Build.0 = Release|Any CPU
		{B75B3D52-C36B-4D81-A6BC-C221899AFD41}.Debug|Any CPU.ActiveCfg = Debug|Any CPU
		{B75B3D52-C36B-4D81-A6BC-C221899AFD41}.Debug|Any CPU.Build.0 = Debug|Any CPU
		{B75B3D52-C36B-4D81-A6BC-C221899AFD41}.Release|Any CPU.ActiveCfg = Release|Any CPU
		{B75B3D52-C36B-4D81-A6BC-C221899AFD41}.Release|Any CPU.Build.0 = Release|Any CPU
	EndGlobalSection
	GlobalSection(SolutionProperties) = preSolution
		HideSolutionNode = FALSE
	EndGlobalSection
	GlobalSection(ExtensibilityGlobals) = postSolution
		SolutionGuid = {CED15E84-E689-45E9-BAE9-95CC994D02F3}
	EndGlobalSection
EndGlobal
